// !$*UTF8*$!
{
	archiveVersion = 1;
	classes = {
	};
	objectVersion = 46;
	objects = {

/* Begin PBXBuildFile section */
		B5CE87FE1B02573B00A5C71C /* AppDelegate.swift in Sources */ = {isa = PBXBuildFile; fileRef = B5CE87FD1B02573B00A5C71C /* AppDelegate.swift */; };
		B5CE88001B02573B00A5C71C /* ViewController.swift in Sources */ = {isa = PBXBuildFile; fileRef = B5CE87FF1B02573B00A5C71C /* ViewController.swift */; };
		B5CE88031B02573B00A5C71C /* Main.storyboard in Resources */ = {isa = PBXBuildFile; fileRef = B5CE88011B02573B00A5C71C /* Main.storyboard */; };
		B5CE88051B02573B00A5C71C /* Images.xcassets in Resources */ = {isa = PBXBuildFile; fileRef = B5CE88041B02573B00A5C71C /* Images.xcassets */; };
		B5CE88081B02573B00A5C71C /* LaunchScreen.xib in Resources */ = {isa = PBXBuildFile; fileRef = B5CE88061B02573B00A5C71C /* LaunchScreen.xib */; };
		B5CE88261B0258DA00A5C71C /* InterfaceController.swift in Sources */ = {isa = PBXBuildFile; fileRef = B5CE88251B0258DA00A5C71C /* InterfaceController.swift */; };
		B5CE88281B0258DA00A5C71C /* Images.xcassets in Resources */ = {isa = PBXBuildFile; fileRef = B5CE88271B0258DA00A5C71C /* Images.xcassets */; };
		B5CE882C1B0258DA00A5C71C /* WatchKitForcedModal WatchKit App.app in Resources */ = {isa = PBXBuildFile; fileRef = B5CE882B1B0258DA00A5C71C /* WatchKitForcedModal WatchKit App.app */; };
		B5CE88341B0258DA00A5C71C /* Interface.storyboard in Resources */ = {isa = PBXBuildFile; fileRef = B5CE88321B0258DA00A5C71C /* Interface.storyboard */; };
		B5CE88361B0258DA00A5C71C /* Images.xcassets in Resources */ = {isa = PBXBuildFile; fileRef = B5CE88351B0258DA00A5C71C /* Images.xcassets */; };
		B5CE88391B0258DA00A5C71C /* WatchKitForcedModal WatchKit Extension.appex in Embed App Extensions */ = {isa = PBXBuildFile; fileRef = B5CE88211B0258DA00A5C71C /* WatchKitForcedModal WatchKit Extension.appex */; settings = {ATTRIBUTES = (RemoveHeadersOnCopy, ); }; };
/* End PBXBuildFile section */

/* Begin PBXContainerItemProxy section */
		B5CE882D1B0258DA00A5C71C /* PBXContainerItemProxy */ = {
			isa = PBXContainerItemProxy;
			containerPortal = B5CE87F01B02573B00A5C71C /* Project object */;
			proxyType = 1;
			remoteGlobalIDString = B5CE882A1B0258DA00A5C71C;
			remoteInfo = "WatchKitForcedModal WatchKit App";
		};
		B5CE88371B0258DA00A5C71C /* PBXContainerItemProxy */ = {
			isa = PBXContainerItemProxy;
			containerPortal = B5CE87F01B02573B00A5C71C /* Project object */;
			proxyType = 1;
			remoteGlobalIDString = B5CE88201B0258DA00A5C71C;
			remoteInfo = "WatchKitForcedModal WatchKit Extension";
		};
/* End PBXContainerItemProxy section */

/* Begin PBXCopyFilesBuildPhase section */
		B5CE88401B0258DA00A5C71C /* Embed App Extensions */ = {
			isa = PBXCopyFilesBuildPhase;
			buildActionMask = 2147483647;
			dstPath = "";
			dstSubfolderSpec = 13;
			files = (
				B5CE88391B0258DA00A5C71C /* WatchKitForcedModal WatchKit Extension.appex in Embed App Extensions */,
			);
			name = "Embed App Extensions";
			runOnlyForDeploymentPostprocessing = 0;
		};
/* End PBXCopyFilesBuildPhase section */

/* Begin PBXFileReference section */
		B5CE87F81B02573B00A5C71C /* WatchKitForcedModal.app */ = {isa = PBXFileReference; explicitFileType = wrapper.application; includeInIndex = 0; path = WatchKitForcedModal.app; sourceTree = BUILT_PRODUCTS_DIR; };
		B5CE87FC1B02573B00A5C71C /* Info.plist */ = {isa = PBXFileReference; lastKnownFileType = text.plist.xml; path = Info.plist; sourceTree = "<group>"; };
		B5CE87FD1B02573B00A5C71C /* AppDelegate.swift */ = {isa = PBXFileReference; lastKnownFileType = sourcecode.swift; path = AppDelegate.swift; sourceTree = "<group>"; };
		B5CE87FF1B02573B00A5C71C /* ViewController.swift */ = {isa = PBXFileReference; lastKnownFileType = sourcecode.swift; path = ViewController.swift; sourceTree = "<group>"; };
		B5CE88021B02573B00A5C71C /* Base */ = {isa = PBXFileReference; lastKnownFileType = file.storyboard; name = Base; path = Base.lproj/Main.storyboard; sourceTree = "<group>"; };
		B5CE88041B02573B00A5C71C /* Images.xcassets */ = {isa = PBXFileReference; lastKnownFileType = folder.assetcatalog; path = Images.xcassets; sourceTree = "<group>"; };
		B5CE88071B02573B00A5C71C /* Base */ = {isa = PBXFileReference; lastKnownFileType = file.xib; name = Base; path = Base.lproj/LaunchScreen.xib; sourceTree = "<group>"; };
		B5CE88121B02573B00A5C71C /* Info.plist */ = {isa = PBXFileReference; lastKnownFileType = text.plist.xml; path = Info.plist; sourceTree = "<group>"; };
		B5CE88131B02573B00A5C71C /* WatchKitForcedModalTests.swift */ = {isa = PBXFileReference; lastKnownFileType = sourcecode.swift; path = WatchKitForcedModalTests.swift; sourceTree = "<group>"; };
		B5CE88211B0258DA00A5C71C /* WatchKitForcedModal WatchKit Extension.appex */ = {isa = PBXFileReference; explicitFileType = "wrapper.app-extension"; includeInIndex = 0; path = "WatchKitForcedModal WatchKit Extension.appex"; sourceTree = BUILT_PRODUCTS_DIR; };
		B5CE88241B0258DA00A5C71C /* Info.plist */ = {isa = PBXFileReference; lastKnownFileType = text.plist.xml; path = Info.plist; sourceTree = "<group>"; };
		B5CE88251B0258DA00A5C71C /* InterfaceController.swift */ = {isa = PBXFileReference; lastKnownFileType = sourcecode.swift; path = InterfaceController.swift; sourceTree = "<group>"; };
		B5CE88271B0258DA00A5C71C /* Images.xcassets */ = {isa = PBXFileReference; lastKnownFileType = folder.assetcatalog; path = Images.xcassets; sourceTree = "<group>"; };
		B5CE882B1B0258DA00A5C71C /* WatchKitForcedModal WatchKit App.app */ = {isa = PBXFileReference; explicitFileType = wrapper.application; includeInIndex = 0; path = "WatchKitForcedModal WatchKit App.app"; sourceTree = BUILT_PRODUCTS_DIR; };
		B5CE88311B0258DA00A5C71C /* Info.plist */ = {isa = PBXFileReference; lastKnownFileType = text.plist.xml; path = Info.plist; sourceTree = "<group>"; };
		B5CE88331B0258DA00A5C71C /* Base */ = {isa = PBXFileReference; lastKnownFileType = file.storyboard; name = Base; path = Base.lproj/Interface.storyboard; sourceTree = "<group>"; };
		B5CE88351B0258DA00A5C71C /* Images.xcassets */ = {isa = PBXFileReference; lastKnownFileType = folder.assetcatalog; path = Images.xcassets; sourceTree = "<group>"; };
/* End PBXFileReference section */

/* Begin PBXFrameworksBuildPhase section */
		B5CE87F51B02573B00A5C71C /* Frameworks */ = {
			isa = PBXFrameworksBuildPhase;
			buildActionMask = 2147483647;
			files = (
			);
			runOnlyForDeploymentPostprocessing = 0;
		};
		B5CE881E1B0258DA00A5C71C /* Frameworks */ = {
			isa = PBXFrameworksBuildPhase;
			buildActionMask = 2147483647;
			files = (
			);
			runOnlyForDeploymentPostprocessing = 0;
		};
/* End PBXFrameworksBuildPhase section */

/* Begin PBXGroup section */
		B5CE87EF1B02573B00A5C71C = {
			isa = PBXGroup;
			children = (
				B5CE87FA1B02573B00A5C71C /* WatchKitForcedModal */,
				B5CE88101B02573B00A5C71C /* WatchKitForcedModalTests */,
				B5CE88221B0258DA00A5C71C /* WatchKitForcedModal WatchKit Extension */,
				B5CE882F1B0258DA00A5C71C /* WatchKitForcedModal WatchKit App */,
				B5CE87F91B02573B00A5C71C /* Products */,
			);
			sourceTree = "<group>";
		};
		B5CE87F91B02573B00A5C71C /* Products */ = {
			isa = PBXGroup;
			children = (
				B5CE87F81B02573B00A5C71C /* WatchKitForcedModal.app */,
				B5CE88211B0258DA00A5C71C /* WatchKitForcedModal WatchKit Extension.appex */,
				B5CE882B1B0258DA00A5C71C /* WatchKitForcedModal WatchKit App.app */,
			);
			name = Products;
			sourceTree = "<group>";
		};
		B5CE87FA1B02573B00A5C71C /* WatchKitForcedModal */ = {
			isa = PBXGroup;
			children = (
				B5CE87FD1B02573B00A5C71C /* AppDelegate.swift */,
				B5CE87FF1B02573B00A5C71C /* ViewController.swift */,
				B5CE88011B02573B00A5C71C /* Main.storyboard */,
				B5CE88041B02573B00A5C71C /* Images.xcassets */,
				B5CE88061B02573B00A5C71C /* LaunchScreen.xib */,
				B5CE87FB1B02573B00A5C71C /* Supporting Files */,
			);
			path = WatchKitForcedModal;
			sourceTree = "<group>";
		};
		B5CE87FB1B02573B00A5C71C /* Supporting Files */ = {
			isa = PBXGroup;
			children = (
				B5CE87FC1B02573B00A5C71C /* Info.plist */,
			);
			name = "Supporting Files";
			sourceTree = "<group>";
		};
		B5CE88101B02573B00A5C71C /* WatchKitForcedModalTests */ = {
			isa = PBXGroup;
			children = (
				B5CE88131B02573B00A5C71C /* WatchKitForcedModalTests.swift */,
				B5CE88111B02573B00A5C71C /* Supporting Files */,
			);
			path = WatchKitForcedModalTests;
			sourceTree = "<group>";
		};
		B5CE88111B02573B00A5C71C /* Supporting Files */ = {
			isa = PBXGroup;
			children = (
				B5CE88121B02573B00A5C71C /* Info.plist */,
			);
			name = "Supporting Files";
			sourceTree = "<group>";
		};
		B5CE88221B0258DA00A5C71C /* WatchKitForcedModal WatchKit Extension */ = {
			isa = PBXGroup;
			children = (
				B5CE88251B0258DA00A5C71C /* InterfaceController.swift */,
				B5CE88271B0258DA00A5C71C /* Images.xcassets */,
				B5CE88231B0258DA00A5C71C /* Supporting Files */,
			);
			path = "WatchKitForcedModal WatchKit Extension";
			sourceTree = "<group>";
		};
		B5CE88231B0258DA00A5C71C /* Supporting Files */ = {
			isa = PBXGroup;
			children = (
				B5CE88241B0258DA00A5C71C /* Info.plist */,
			);
			name = "Supporting Files";
			sourceTree = "<group>";
		};
		B5CE882F1B0258DA00A5C71C /* WatchKitForcedModal WatchKit App */ = {
			isa = PBXGroup;
			children = (
				B5CE88321B0258DA00A5C71C /* Interface.storyboard */,
				B5CE88351B0258DA00A5C71C /* Images.xcassets */,
				B5CE88301B0258DA00A5C71C /* Supporting Files */,
			);
			path = "WatchKitForcedModal WatchKit App";
			sourceTree = "<group>";
		};
		B5CE88301B0258DA00A5C71C /* Supporting Files */ = {
			isa = PBXGroup;
			children = (
				B5CE88311B0258DA00A5C71C /* Info.plist */,
			);
			name = "Supporting Files";
			sourceTree = "<group>";
		};
/* End PBXGroup section */

/* Begin PBXNativeTarget section */
		B5CE87F71B02573B00A5C71C /* WatchKitForcedModal */ = {
			isa = PBXNativeTarget;
			buildConfigurationList = B5CE88171B02573B00A5C71C /* Build configuration list for PBXNativeTarget "WatchKitForcedModal" */;
			buildPhases = (
				B5CE87F41B02573B00A5C71C /* Sources */,
				B5CE87F51B02573B00A5C71C /* Frameworks */,
				B5CE87F61B02573B00A5C71C /* Resources */,
				B5CE88401B0258DA00A5C71C /* Embed App Extensions */,
			);
			buildRules = (
			);
			dependencies = (
				B5CE88381B0258DA00A5C71C /* PBXTargetDependency */,
			);
			name = WatchKitForcedModal;
			productName = WatchKitForcedModal;
			productReference = B5CE87F81B02573B00A5C71C /* WatchKitForcedModal.app */;
			productType = "com.apple.product-type.application";
		};
		B5CE88201B0258DA00A5C71C /* WatchKitForcedModal WatchKit Extension */ = {
			isa = PBXNativeTarget;
			buildConfigurationList = B5CE883D1B0258DA00A5C71C /* Build configuration list for PBXNativeTarget "WatchKitForcedModal WatchKit Extension" */;
			buildPhases = (
				B5CE881D1B0258DA00A5C71C /* Sources */,
				B5CE881E1B0258DA00A5C71C /* Frameworks */,
				B5CE881F1B0258DA00A5C71C /* Resources */,
			);
			buildRules = (
			);
			dependencies = (
				B5CE882E1B0258DA00A5C71C /* PBXTargetDependency */,
			);
			name = "WatchKitForcedModal WatchKit Extension";
			productName = "WatchKitForcedModal WatchKit Extension";
			productReference = B5CE88211B0258DA00A5C71C /* WatchKitForcedModal WatchKit Extension.appex */;
			productType = "com.apple.product-type.watchkit-extension";
		};
		B5CE882A1B0258DA00A5C71C /* WatchKitForcedModal WatchKit App */ = {
			isa = PBXNativeTarget;
			buildConfigurationList = B5CE883A1B0258DA00A5C71C /* Build configuration list for PBXNativeTarget "WatchKitForcedModal WatchKit App" */;
			buildPhases = (
				B5CE88291B0258DA00A5C71C /* Resources */,
			);
			buildRules = (
			);
			dependencies = (
			);
			name = "WatchKitForcedModal WatchKit App";
			productName = "WatchKitForcedModal WatchKit App";
			productReference = B5CE882B1B0258DA00A5C71C /* WatchKitForcedModal WatchKit App.app */;
			productType = "com.apple.product-type.application.watchapp";
		};
/* End PBXNativeTarget section */

/* Begin PBXProject section */
		B5CE87F01B02573B00A5C71C /* Project object */ = {
			isa = PBXProject;
			attributes = {
				LastUpgradeCheck = 0640;
				ORGANIZATIONNAME = "Ben Chatelain";
				TargetAttributes = {
					B5CE87F71B02573B00A5C71C = {
						CreatedOnToolsVersion = 6.4;
					};
					B5CE88201B0258DA00A5C71C = {
						CreatedOnToolsVersion = 6.4;
					};
					B5CE882A1B0258DA00A5C71C = {
						CreatedOnToolsVersion = 6.4;
					};
				};
			};
			buildConfigurationList = B5CE87F31B02573B00A5C71C /* Build configuration list for PBXProject "WatchKitForcedModal" */;
			compatibilityVersion = "Xcode 3.2";
			developmentRegion = English;
			hasScannedForEncodings = 0;
			knownRegions = (
				en,
				Base,
			);
			mainGroup = B5CE87EF1B02573B00A5C71C;
			productRefGroup = B5CE87F91B02573B00A5C71C /* Products */;
			projectDirPath = "";
			projectRoot = "";
			targets = (
				B5CE87F71B02573B00A5C71C /* WatchKitForcedModal */,
				B5CE88201B0258DA00A5C71C /* WatchKitForcedModal WatchKit Extension */,
				B5CE882A1B0258DA00A5C71C /* WatchKitForcedModal WatchKit App */,
			);
		};
/* End PBXProject section */

/* Begin PBXResourcesBuildPhase section */
		B5CE87F61B02573B00A5C71C /* Resources */ = {
			isa = PBXResourcesBuildPhase;
			buildActionMask = 2147483647;
			files = (
				B5CE88031B02573B00A5C71C /* Main.storyboard in Resources */,
				B5CE88081B02573B00A5C71C /* LaunchScreen.xib in Resources */,
				B5CE88051B02573B00A5C71C /* Images.xcassets in Resources */,
			);
			runOnlyForDeploymentPostprocessing = 0;
		};
		B5CE881F1B0258DA00A5C71C /* Resources */ = {
			isa = PBXResourcesBuildPhase;
			buildActionMask = 2147483647;
			files = (
				B5CE882C1B0258DA00A5C71C /* WatchKitForcedModal WatchKit App.app in Resources */,
				B5CE88281B0258DA00A5C71C /* Images.xcassets in Resources */,
			);
			runOnlyForDeploymentPostprocessing = 0;
		};
		B5CE88291B0258DA00A5C71C /* Resources */ = {
			isa = PBXResourcesBuildPhase;
			buildActionMask = 2147483647;
			files = (
				B5CE88341B0258DA00A5C71C /* Interface.storyboard in Resources */,
				B5CE88361B0258DA00A5C71C /* Images.xcassets in Resources */,
			);
			runOnlyForDeploymentPostprocessing = 0;
		};
/* End PBXResourcesBuildPhase section */

/* Begin PBXSourcesBuildPhase section */
		B5CE87F41B02573B00A5C71C /* Sources */ = {
			isa = PBXSourcesBuildPhase;
			buildActionMask = 2147483647;
			files = (
				B5CE88001B02573B00A5C71C /* ViewController.swift in Sources */,
				B5CE87FE1B02573B00A5C71C /* AppDelegate.swift in Sources */,
			);
			runOnlyForDeploymentPostprocessing = 0;
		};
		B5CE881D1B0258DA00A5C71C /* Sources */ = {
			isa = PBXSourcesBuildPhase;
			buildActionMask = 2147483647;
			files = (
				B5CE88261B0258DA00A5C71C /* InterfaceController.swift in Sources */,
			);
			runOnlyForDeploymentPostprocessing = 0;
		};
/* End PBXSourcesBuildPhase section */

/* Begin PBXTargetDependency section */
		B5CE882E1B0258DA00A5C71C /* PBXTargetDependency */ = {
			isa = PBXTargetDependency;
			target = B5CE882A1B0258DA00A5C71C /* WatchKitForcedModal WatchKit App */;
			targetProxy = B5CE882D1B0258DA00A5C71C /* PBXContainerItemProxy */;
		};
		B5CE88381B0258DA00A5C71C /* PBXTargetDependency */ = {
			isa = PBXTargetDependency;
			target = B5CE88201B0258DA00A5C71C /* WatchKitForcedModal WatchKit Extension */;
			targetProxy = B5CE88371B0258DA00A5C71C /* PBXContainerItemProxy */;
		};
/* End PBXTargetDependency section */

/* Begin PBXVariantGroup section */
		B5CE88011B02573B00A5C71C /* Main.storyboard */ = {
			isa = PBXVariantGroup;
			children = (
				B5CE88021B02573B00A5C71C /* Base */,
			);
			name = Main.storyboard;
			sourceTree = "<group>";
		};
		B5CE88061B02573B00A5C71C /* LaunchScreen.xib */ = {
			isa = PBXVariantGroup;
			children = (
				B5CE88071B02573B00A5C71C /* Base */,
			);
			name = LaunchScreen.xib;
			sourceTree = "<group>";
		};
		B5CE88321B0258DA00A5C71C /* Interface.storyboard */ = {
			isa = PBXVariantGroup;
			children = (
				B5CE88331B0258DA00A5C71C /* Base */,
			);
			name = Interface.storyboard;
			sourceTree = "<group>";
		};
/* End PBXVariantGroup section */

/* Begin XCBuildConfiguration section */
		B5CE88151B02573B00A5C71C /* Debug */ = {
			isa = XCBuildConfiguration;
			buildSettings = {
				ALWAYS_SEARCH_USER_PATHS = NO;
				CLANG_CXX_LANGUAGE_STANDARD = "gnu++0x";
				CLANG_CXX_LIBRARY = "libc++";
				CLANG_ENABLE_MODULES = YES;
				CLANG_ENABLE_OBJC_ARC = YES;
				CLANG_WARN_BOOL_CONVERSION = YES;
				CLANG_WARN_CONSTANT_CONVERSION = YES;
				CLANG_WARN_DIRECT_OBJC_ISA_USAGE = YES_ERROR;
				CLANG_WARN_EMPTY_BODY = YES;
				CLANG_WARN_ENUM_CONVERSION = YES;
				CLANG_WARN_INT_CONVERSION = YES;
				CLANG_WARN_OBJC_ROOT_CLASS = YES_ERROR;
				CLANG_WARN_UNREACHABLE_CODE = YES;
				CLANG_WARN__DUPLICATE_METHOD_MATCH = YES;
				"CODE_SIGN_IDENTITY[sdk=iphoneos*]" = "iPhone Developer";
				COPY_PHASE_STRIP = NO;
				DEBUG_INFORMATION_FORMAT = "dwarf-with-dsym";
				ENABLE_STRICT_OBJC_MSGSEND = YES;
				GCC_C_LANGUAGE_STANDARD = gnu99;
				GCC_DYNAMIC_NO_PIC = NO;
				GCC_NO_COMMON_BLOCKS = YES;
				GCC_OPTIMIZATION_LEVEL = 0;
				GCC_PREPROCESSOR_DEFINITIONS = (
					"DEBUG=1",
					"$(inherited)",
				);
				GCC_SYMBOLS_PRIVATE_EXTERN = NO;
				GCC_WARN_64_TO_32_BIT_CONVERSION = YES;
				GCC_WARN_ABOUT_RETURN_TYPE = YES_ERROR;
				GCC_WARN_UNDECLARED_SELECTOR = YES;
				GCC_WARN_UNINITIALIZED_AUTOS = YES_AGGRESSIVE;
				GCC_WARN_UNUSED_FUNCTION = YES;
				GCC_WARN_UNUSED_VARIABLE = YES;
				IPHONEOS_DEPLOYMENT_TARGET = 8.4;
				MTL_ENABLE_DEBUG_INFO = YES;
				ONLY_ACTIVE_ARCH = YES;
				SDKROOT = iphoneos;
				SWIFT_OPTIMIZATION_LEVEL = "-Onone";
			};
			name = Debug;
		};
		B5CE88161B02573B00A5C71C /* Release */ = {
			isa = XCBuildConfiguration;
			buildSettings = {
				ALWAYS_SEARCH_USER_PATHS = NO;
				CLANG_CXX_LANGUAGE_STANDARD = "gnu++0x";
				CLANG_CXX_LIBRARY = "libc++";
				CLANG_ENABLE_MODULES = YES;
				CLANG_ENABLE_OBJC_ARC = YES;
				CLANG_WARN_BOOL_CONVERSION = YES;
				CLANG_WARN_CONSTANT_CONVERSION = YES;
				CLANG_WARN_DIRECT_OBJC_ISA_USAGE = YES_ERROR;
				CLANG_WARN_EMPTY_BODY = YES;
				CLANG_WARN_ENUM_CONVERSION = YES;
				CLANG_WARN_INT_CONVERSION = YES;
				CLANG_WARN_OBJC_ROOT_CLASS = YES_ERROR;
				CLANG_WARN_UNREACHABLE_CODE = YES;
				CLANG_WARN__DUPLICATE_METHOD_MATCH = YES;
				"CODE_SIGN_IDENTITY[sdk=iphoneos*]" = "iPhone Developer";
				COPY_PHASE_STRIP = NO;
				DEBUG_INFORMATION_FORMAT = "dwarf-with-dsym";
				ENABLE_NS_ASSERTIONS = NO;
				ENABLE_STRICT_OBJC_MSGSEND = YES;
				GCC_C_LANGUAGE_STANDARD = gnu99;
				GCC_NO_COMMON_BLOCKS = YES;
				GCC_WARN_64_TO_32_BIT_CONVERSION = YES;
				GCC_WARN_ABOUT_RETURN_TYPE = YES_ERROR;
				GCC_WARN_UNDECLARED_SELECTOR = YES;
				GCC_WARN_UNINITIALIZED_AUTOS = YES_AGGRESSIVE;
				GCC_WARN_UNUSED_FUNCTION = YES;
				GCC_WARN_UNUSED_VARIABLE = YES;
				IPHONEOS_DEPLOYMENT_TARGET = 8.4;
				MTL_ENABLE_DEBUG_INFO = NO;
				SDKROOT = iphoneos;
				VALIDATE_PRODUCT = YES;
			};
			name = Release;
		};
		B5CE88181B02573B00A5C71C /* Debug */ = {
			isa = XCBuildConfiguration;
			buildSettings = {
				ASSETCATALOG_COMPILER_APPICON_NAME = AppIcon;
				INFOPLIST_FILE = WatchKitForcedModal/Info.plist;
				LD_RUNPATH_SEARCH_PATHS = "$(inherited) @executable_path/Frameworks";
				PRODUCT_NAME = "$(TARGET_NAME)";
			};
			name = Debug;
		};
		B5CE88191B02573B00A5C71C /* Release */ = {
			isa = XCBuildConfiguration;
			buildSettings = {
				ASSETCATALOG_COMPILER_APPICON_NAME = AppIcon;
				INFOPLIST_FILE = WatchKitForcedModal/Info.plist;
				LD_RUNPATH_SEARCH_PATHS = "$(inherited) @executable_path/Frameworks";
				PRODUCT_NAME = "$(TARGET_NAME)";
			};
			name = Release;
		};
		B5CE883B1B0258DA00A5C71C /* Debug */ = {
			isa = XCBuildConfiguration;
			buildSettings = {
				ASSETCATALOG_COMPILER_APPICON_NAME = AppIcon;
				GCC_PREPROCESSOR_DEFINITIONS = (
					"DEBUG=1",
					"$(inherited)",
				);
				IBSC_MODULE = WatchKitForcedModal_WatchKit_Extension;
				INFOPLIST_FILE = "WatchKitForcedModal WatchKit App/Info.plist";
				IPHONEOS_DEPLOYMENT_TARGET = 8.2;
				PRODUCT_NAME = "$(TARGET_NAME)";
				SKIP_INSTALL = YES;
				TARGETED_DEVICE_FAMILY = 4;
				"TARGETED_DEVICE_FAMILY[sdk=iphonesimulator*]" = "1,4";
			};
			name = Debug;
		};
		B5CE883C1B0258DA00A5C71C /* Release */ = {
			isa = XCBuildConfiguration;
			buildSettings = {
				ASSETCATALOG_COMPILER_APPICON_NAME = AppIcon;
				IBSC_MODULE = WatchKitForcedModal_WatchKit_Extension;
				INFOPLIST_FILE = "WatchKitForcedModal WatchKit App/Info.plist";
				IPHONEOS_DEPLOYMENT_TARGET = 8.2;
				PRODUCT_NAME = "$(TARGET_NAME)";
				SKIP_INSTALL = YES;
				TARGETED_DEVICE_FAMILY = 4;
				"TARGETED_DEVICE_FAMILY[sdk=iphonesimulator*]" = "1,4";
			};
			name = Release;
		};
		B5CE883E1B0258DA00A5C71C /* Debug */ = {
			isa = XCBuildConfiguration;
			buildSettings = {
				GCC_PREPROCESSOR_DEFINITIONS = (
					"DEBUG=1",
					"$(inherited)",
				);
				INFOPLIST_FILE = "WatchKitForcedModal WatchKit Extension/Info.plist";
				LD_RUNPATH_SEARCH_PATHS = "$(inherited) @executable_path/Frameworks @executable_path/../../Frameworks";
				PRODUCT_NAME = "${TARGET_NAME}";
				SKIP_INSTALL = YES;
			};
			name = Debug;
		};
		B5CE883F1B0258DA00A5C71C /* Release */ = {
			isa = XCBuildConfiguration;
			buildSettings = {
				INFOPLIST_FILE = "WatchKitForcedModal WatchKit Extension/Info.plist";
				LD_RUNPATH_SEARCH_PATHS = "$(inherited) @executable_path/Frameworks @executable_path/../../Frameworks";
				PRODUCT_NAME = "${TARGET_NAME}";
				SKIP_INSTALL = YES;
			};
			name = Release;
		};
/* End XCBuildConfiguration section */

/* Begin XCConfigurationList section */
		B5CE87F31B02573B00A5C71C /* Build configuration list for PBXProject "WatchKitForcedModal" */ = {
			isa = XCConfigurationList;
			buildConfigurations = (
				B5CE88151B02573B00A5C71C /* Debug */,
				B5CE88161B02573B00A5C71C /* Release */,
			);
			defaultConfigurationIsVisible = 0;
			defaultConfigurationName = Release;
		};
		B5CE88171B02573B00A5C71C /* Build configuration list for PBXNativeTarget "WatchKitForcedModal" */ = {
			isa = XCConfigurationList;
			buildConfigurations = (
				B5CE88181B02573B00A5C71C /* Debug */,
				B5CE88191B02573B00A5C71C /* Release */,
			);
			defaultConfigurationIsVisible = 0;
		};
		B5CE883A1B0258DA00A5C71C /* Build configuration list for PBXNativeTarget "WatchKitForcedModal WatchKit App" */ = {
			isa = XCConfigurationList;
			buildConfigurations = (
				B5CE883B1B0258DA00A5C71C /* Debug */,
				B5CE883C1B0258DA00A5C71C /* Release */,
			);
			defaultConfigurationIsVisible = 0;
		};
		B5CE883D1B0258DA00A5C71C /* Build configuration list for PBXNativeTarget "WatchKitForcedModal WatchKit Extension" */ = {
			isa = XCConfigurationList;
			buildConfigurations = (
				B5CE883E1B0258DA00A5C71C /* Debug */,
				B5CE883F1B0258DA00A5C71C /* Release */,
			);
			defaultConfigurationIsVisible = 0;
		};
/* End XCConfigurationList section */
	};
	rootObject = B5CE87F01B02573B00A5C71C /* Project object */;
}
